dependencies:
- name: pxc-operator
  repository: https://percona.github.io/percona-helm-charts/
  version: 1.14.0
- name: operator
  repository: https://shopware.github.io/helm-charts/
  version: 0.0.23
- name: valkey
  repository: oci://registry-1.docker.io/bitnamicharts
  version: 1.0.1
- name: valkey
  repository: oci://registry-1.docker.io/bitnamicharts
  version: 1.0.1
- name: valkey
  repository: oci://registry-1.docker.io/bitnamicharts
  version: 1.0.1
- name: redis
  repository: oci://registry-1.docker.io/bitnamicharts
  version: 19.1.2
- name: redis
  repository: oci://registry-1.docker.io/bitnamicharts
  version: 19.1.2
- name: redis
  repository: oci://registry-1.docker.io/bitnamicharts
  version: 19.1.2
- name: grafana
  repository: https://grafana.github.io/helm-charts
  version: 8.5.0
- name: prometheus
  repository: https://prometheus-community.github.io/helm-charts
  version: 25.24.1
digest: sha256:800c101e65ac9ce873576855fdf177dd42165d6d5b7563658e0d6f94ff444189
generated: "2024-10-16T11:43:38.168188826+02:00"
