dependencies:
- name: pxc-operator
  repository: https://percona.github.io/percona-helm-charts/
  version: 1.14.0
- name: rustfs
  repository: https://rustfs.github.io/helm
  version: 0.0.73
- name: valkey
  repository: oci://registry-1.docker.io/bitnamicharts
  version: 1.0.1
- name: valkey
  repository: oci://registry-1.docker.io/bitnamicharts
  version: 1.0.1
- name: valkey
  repository: oci://registry-1.docker.io/bitnamicharts
  version: 1.0.1
- name: redis
  repository: oci://registry-1.docker.io/bitnamicharts
  version: 19.1.2
- name: redis
  repository: oci://registry-1.docker.io/bitnamicharts
  version: 19.1.2
- name: redis
  repository: oci://registry-1.docker.io/bitnamicharts
  version: 19.1.2
- name: grafana
  repository: https://grafana.github.io/helm-charts
  version: 8.5.0
- name: prometheus
  repository: https://prometheus-community.github.io/helm-charts
  version: 25.24.1
- name: opentelemetry-collector
  repository: https://open-telemetry.github.io/opentelemetry-helm-charts
  version: 0.108.0
digest: sha256:3f56477e18ff648a3265b867a1366417c138c279c9f171271f9a0f5e392c0db1
generated: "2025-12-16T09:53:35.716552+01:00"
