dependencies:
- name: pxc-operator
  repository: https://percona.github.io/percona-helm-charts/
  version: 1.14.0
- name: operator
  repository: https://shopware.github.io/helm-charts/
  version: 0.0.9
- name: redis
  repository: oci://registry-1.docker.io/bitnamicharts
  version: 19.1.2
- name: redis
  repository: oci://registry-1.docker.io/bitnamicharts
  version: 19.1.2
- name: redis
  repository: oci://registry-1.docker.io/bitnamicharts
  version: 19.1.2
- name: prometheus
  repository: https://prometheus-community.github.io/helm-charts
  version: 25.24.1
digest: sha256:7c055dbf4a5f380201923d7d3fd012135dac6066d71a66e619327e9881e1d65b
generated: "2024-08-21T17:50:10.519359811+02:00"
